github.com/streamr-dev/goproxyclient v0.0.0-20241128103014-190db546a3bf h1:OMGnwVCFrKtqPjRxIfESubOYsmoT8ErkcjN/seGvqI8=
github.com/streamr-dev/goproxyclient v0.0.0-20241128103014-190db546a3bf/go.mod h1:QjfDePiUjNMT7nRvrTrR/ITgnojp7oTKqXKSIRU3J2I=
github.com/streamr-dev/goproxyclient v0.0.0-20241128110816-2e50ac3088da h1:mZHsuAJkA8fIZsX/uSQoOMmIOCPITyJmga80k20wMaQ=
github.com/streamr-dev/goproxyclient v0.0.0-20241128110816-2e50ac3088da/go.mod h1:QjfDePiUjNMT7nRvrTrR/ITgnojp7oTKqXKSIRU3J2I=
